
Microsoft Visual Studio Solution File, Format Version 12.00
# Visual Studio 15
Project("{FAE04EC0-301F-11D3-BF4B-00C04F79EFBC}") = "Unity.XR.Interaction.Toolkit.Samples.StarterAssets", "Unity.XR.Interaction.Toolkit.Samples.StarterAssets.csproj", "{C4A35D36-6747-CA1E-F861-086430F11B2C}"
EndProject
Project("{FAE04EC0-301F-11D3-BF4B-00C04F79EFBC}") = "Unity.XR.Interaction.Toolkit.Samples.StarterAssets.Editor", "Unity.XR.Interaction.Toolkit.Samples.StarterAssets.Editor.csproj", "{36BAFFA0-64C7-087A-9EC2-4C88AC555839}"
EndProject
Global
	GlobalSection(SolutionConfigurationPlatforms) = preSolution
		Debug|Any CPU = Debug|Any CPU
		Release|Any CPU = Release|Any CPU
	EndGlobalSection
	GlobalSection(ProjectConfigurationPlatforms) = postSolution
		{C4A35D36-6747-CA1E-F861-086430F11B2C}.Debug|Any CPU.ActiveCfg = Debug|Any CPU
		{C4A35D36-6747-CA1E-F861-086430F11B2C}.Debug|Any CPU.Build.0 = Debug|Any CPU
		{C4A35D36-6747-CA1E-F861-086430F11B2C}.Release|Any CPU.ActiveCfg = Release|Any CPU
		{C4A35D36-6747-CA1E-F861-086430F11B2C}.Release|Any CPU.Build.0 = Release|Any CPU
		{36BAFFA0-64C7-087A-9EC2-4C88AC555839}.Debug|Any CPU.ActiveCfg = Debug|Any CPU
		{36BAFFA0-64C7-087A-9EC2-4C88AC555839}.Debug|Any CPU.Build.0 = Debug|Any CPU
		{36BAFFA0-64C7-087A-9EC2-4C88AC555839}.Release|Any CPU.ActiveCfg = Release|Any CPU
		{36BAFFA0-64C7-087A-9EC2-4C88AC555839}.Release|Any CPU.Build.0 = Release|Any CPU
	EndGlobalSection
	GlobalSection(SolutionProperties) = preSolution
		HideSolutionNode = FALSE
	EndGlobalSection
EndGlobal
